
Microsoft Visual Studio Solution File, Format Version 12.00
# Visual Studio 15
VisualStudioVersion = 15.0.28307.779
MinimumVisualStudioVersion = 10.0.40219.1
Project("{FAE04EC0-301F-11D3-BF4B-00C04F79EFBC}") = "BurgerQuiz", "BurgerQuiz\BurgerQuiz.csproj", "{869D1F43-AB84-4205-927C-65163B9F48AF}"
EndProject
Global
	GlobalSection(SolutionConfigurationPlatforms) = preSolution
		Debug|Any CPU = Debug|Any CPU
		Release|Any CPU = Release|Any CPU
	EndGlobalSection
	GlobalSection(ProjectConfigurationPlatforms) = postSolution
		{869D1F43-AB84-4205-927C-65163B9F48AF}.Debug|Any CPU.ActiveCfg = Debug|Any CPU
		{869D1F43-AB84-4205-927C-65163B9F48AF}.Debug|Any CPU.Build.0 = Debug|Any CPU
		{869D1F43-AB84-4205-927C-65163B9F48AF}.Release|Any CPU.ActiveCfg = Release|Any CPU
		{869D1F43-AB84-4205-927C-65163B9F48AF}.Release|Any CPU.Build.0 = Release|Any CPU
	EndGlobalSection
	GlobalSection(SolutionProperties) = preSolution
		HideSolutionNode = FALSE
	EndGlobalSection
	GlobalSection(ExtensibilityGlobals) = postSolution
		SolutionGuid = {ECB8F1B5-F0BF-4884-A087-A421E190EF2E}
	EndGlobalSection
EndGlobal
